
Microsoft Visual Studio Solution File, Format Version 12.00
# Visual Studio 14
VisualStudioVersion = 14.0.25420.1
MinimumVisualStudioVersion = 10.0.40219.1
Project("{FAE04EC0-301F-11D3-BF4B-00C04F79EFBC}") = "CreateDeviceIdentity", "CreateDeviceIdentity\CreateDeviceIdentity.csproj", "{1D5438B5-77BF-42F8-B8E2-99550AF68CB5}"
EndProject
Project("{FAE04EC0-301F-11D3-BF4B-00C04F79EFBC}") = "ReadDeviceToCloudMessages", "ReadDeviceToCloudMessages\ReadDeviceToCloudMessages.csproj", "{9597B6FE-E490-4174-A354-89CC8C8FB609}"
EndProject
Project("{FAE04EC0-301F-11D3-BF4B-00C04F79EFBC}") = "SimulatedDevice", "SimulatedDevice\SimulatedDevice.csproj", "{9C34ABCC-56B7-4B15-8916-014F8AE30889}"
EndProject
Project("{FAE04EC0-301F-11D3-BF4B-00C04F79EFBC}") = "ReadFileUploadNotification", "ReadFileUploadNotification\ReadFileUploadNotification.csproj", "{F2C98DEC-AD1D-4BC8-8280-126FE39BF85F}"
EndProject
Project("{FAE04EC0-301F-11D3-BF4B-00C04F79EFBC}") = "Device", "Device\Device.csproj", "{26FB08B0-CB26-4133-AB60-E7AD8F4DAD82}"
EndProject
Project("{FAE04EC0-301F-11D3-BF4B-00C04F79EFBC}") = "CaptureImageAndUpload", "CaptureImageAndUpload\CaptureImageAndUpload.csproj", "{C58749DE-6845-4712-979A-2996607439D7}"
EndProject
Project("{FAE04EC0-301F-11D3-BF4B-00C04F79EFBC}") = "DetectFace", "DetectFace\DetectFace.csproj", "{49B46AA2-7AFD-461F-8D62-B226048BE6E8}"
EndProject
Project("{FAE04EC0-301F-11D3-BF4B-00C04F79EFBC}") = "OTPWebAPI", "OTPWebAPI\OTPWebAPI.csproj", "{FE3EC2A2-6E8F-40CA-8DFE-C87B654A812F}"
EndProject
Project("{FAE04EC0-301F-11D3-BF4B-00C04F79EFBC}") = "OTPManager", "OTPManager\OTPManager.csproj", "{25FF16AC-49E5-4DE4-9048-50C838334575}"
EndProject
Project("{FAE04EC0-301F-11D3-BF4B-00C04F79EFBC}") = "OTPManagerConsole", "OTPManagerConsole\OTPManagerConsole.csproj", "{55E500BD-C4EA-4559-9FCE-18659A7048D6}"
EndProject
Project("{FAE04EC0-301F-11D3-BF4B-00C04F79EFBC}") = "ReadIoTHubMessages", "ReadIoTHubMessages\ReadIoTHubMessages.csproj", "{601D371E-B2E8-4BF2-9574-9C619A28AFBB}"
EndProject
Project("{FAE04EC0-301F-11D3-BF4B-00C04F79EFBC}") = "SendCloudToDevice", "SendCloudToDevice\SendCloudToDevice.csproj", "{DEB7A65E-54F9-4104-8D37-CAF09692482B}"
EndProject
Global
	GlobalSection(SolutionConfigurationPlatforms) = preSolution
		Debug|Any CPU = Debug|Any CPU
		Debug|ARM = Debug|ARM
		Debug|x64 = Debug|x64
		Debug|x86 = Debug|x86
		Release|Any CPU = Release|Any CPU
		Release|ARM = Release|ARM
		Release|x64 = Release|x64
		Release|x86 = Release|x86
	EndGlobalSection
	GlobalSection(ProjectConfigurationPlatforms) = postSolution
		{1D5438B5-77BF-42F8-B8E2-99550AF68CB5}.Debug|Any CPU.ActiveCfg = Debug|Any CPU
		{1D5438B5-77BF-42F8-B8E2-99550AF68CB5}.Debug|Any CPU.Build.0 = Debug|Any CPU
		{1D5438B5-77BF-42F8-B8E2-99550AF68CB5}.Debug|ARM.ActiveCfg = Debug|Any CPU
		{1D5438B5-77BF-42F8-B8E2-99550AF68CB5}.Debug|ARM.Build.0 = Debug|Any CPU
		{1D5438B5-77BF-42F8-B8E2-99550AF68CB5}.Debug|x64.ActiveCfg = Debug|Any CPU
		{1D5438B5-77BF-42F8-B8E2-99550AF68CB5}.Debug|x64.Build.0 = Debug|Any CPU
		{1D5438B5-77BF-42F8-B8E2-99550AF68CB5}.Debug|x86.ActiveCfg = Debug|Any CPU
		{1D5438B5-77BF-42F8-B8E2-99550AF68CB5}.Debug|x86.Build.0 = Debug|Any CPU
		{1D5438B5-77BF-42F8-B8E2-99550AF68CB5}.Release|Any CPU.ActiveCfg = Release|Any CPU
		{1D5438B5-77BF-42F8-B8E2-99550AF68CB5}.Release|Any CPU.Build.0 = Release|Any CPU
		{1D5438B5-77BF-42F8-B8E2-99550AF68CB5}.Release|ARM.ActiveCfg = Release|Any CPU
		{1D5438B5-77BF-42F8-B8E2-99550AF68CB5}.Release|ARM.Build.0 = Release|Any CPU
		{1D5438B5-77BF-42F8-B8E2-99550AF68CB5}.Release|x64.ActiveCfg = Release|Any CPU
		{1D5438B5-77BF-42F8-B8E2-99550AF68CB5}.Release|x64.Build.0 = Release|Any CPU
		{1D5438B5-77BF-42F8-B8E2-99550AF68CB5}.Release|x86.ActiveCfg = Release|Any CPU
		{1D5438B5-77BF-42F8-B8E2-99550AF68CB5}.Release|x86.Build.0 = Release|Any CPU
		{9597B6FE-E490-4174-A354-89CC8C8FB609}.Debug|Any CPU.ActiveCfg = Debug|Any CPU
		{9597B6FE-E490-4174-A354-89CC8C8FB609}.Debug|Any CPU.Build.0 = Debug|Any CPU
		{9597B6FE-E490-4174-A354-89CC8C8FB609}.Debug|ARM.ActiveCfg = Debug|Any CPU
		{9597B6FE-E490-4174-A354-89CC8C8FB609}.Debug|ARM.Build.0 = Debug|Any CPU
		{9597B6FE-E490-4174-A354-89CC8C8FB609}.Debug|x64.ActiveCfg = Debug|Any CPU
		{9597B6FE-E490-4174-A354-89CC8C8FB609}.Debug|x64.Build.0 = Debug|Any CPU
		{9597B6FE-E490-4174-A354-89CC8C8FB609}.Debug|x86.ActiveCfg = Debug|Any CPU
		{9597B6FE-E490-4174-A354-89CC8C8FB609}.Debug|x86.Build.0 = Debug|Any CPU
		{9597B6FE-E490-4174-A354-89CC8C8FB609}.Release|Any CPU.ActiveCfg = Release|Any CPU
		{9597B6FE-E490-4174-A354-89CC8C8FB609}.Release|Any CPU.Build.0 = Release|Any CPU
		{9597B6FE-E490-4174-A354-89CC8C8FB609}.Release|ARM.ActiveCfg = Release|Any CPU
		{9597B6FE-E490-4174-A354-89CC8C8FB609}.Release|ARM.Build.0 = Release|Any CPU
		{9597B6FE-E490-4174-A354-89CC8C8FB609}.Release|x64.ActiveCfg = Release|Any CPU
		{9597B6FE-E490-4174-A354-89CC8C8FB609}.Release|x64.Build.0 = Release|Any CPU
		{9597B6FE-E490-4174-A354-89CC8C8FB609}.Release|x86.ActiveCfg = Release|Any CPU
		{9597B6FE-E490-4174-A354-89CC8C8FB609}.Release|x86.Build.0 = Release|Any CPU
		{9C34ABCC-56B7-4B15-8916-014F8AE30889}.Debug|Any CPU.ActiveCfg = Debug|Any CPU
		{9C34ABCC-56B7-4B15-8916-014F8AE30889}.Debug|Any CPU.Build.0 = Debug|Any CPU
		{9C34ABCC-56B7-4B15-8916-014F8AE30889}.Debug|ARM.ActiveCfg = Debug|Any CPU
		{9C34ABCC-56B7-4B15-8916-014F8AE30889}.Debug|ARM.Build.0 = Debug|Any CPU
		{9C34ABCC-56B7-4B15-8916-014F8AE30889}.Debug|x64.ActiveCfg = Debug|Any CPU
		{9C34ABCC-56B7-4B15-8916-014F8AE30889}.Debug|x64.Build.0 = Debug|Any CPU
		{9C34ABCC-56B7-4B15-8916-014F8AE30889}.Debug|x86.ActiveCfg = Debug|Any CPU
		{9C34ABCC-56B7-4B15-8916-014F8AE30889}.Debug|x86.Build.0 = Debug|Any CPU
		{9C34ABCC-56B7-4B15-8916-014F8AE30889}.Release|Any CPU.ActiveCfg = Release|Any CPU
		{9C34ABCC-56B7-4B15-8916-014F8AE30889}.Release|Any CPU.Build.0 = Release|Any CPU
		{9C34ABCC-56B7-4B15-8916-014F8AE30889}.Release|ARM.ActiveCfg = Release|Any CPU
		{9C34ABCC-56B7-4B15-8916-014F8AE30889}.Release|ARM.Build.0 = Release|Any CPU
		{9C34ABCC-56B7-4B15-8916-014F8AE30889}.Release|x64.ActiveCfg = Release|Any CPU
		{9C34ABCC-56B7-4B15-8916-014F8AE30889}.Release|x64.Build.0 = Release|Any CPU
		{9C34ABCC-56B7-4B15-8916-014F8AE30889}.Release|x86.ActiveCfg = Release|Any CPU
		{9C34ABCC-56B7-4B15-8916-014F8AE30889}.Release|x86.Build.0 = Release|Any CPU
		{F2C98DEC-AD1D-4BC8-8280-126FE39BF85F}.Debug|Any CPU.ActiveCfg = Debug|Any CPU
		{F2C98DEC-AD1D-4BC8-8280-126FE39BF85F}.Debug|Any CPU.Build.0 = Debug|Any CPU
		{F2C98DEC-AD1D-4BC8-8280-126FE39BF85F}.Debug|ARM.ActiveCfg = Debug|Any CPU
		{F2C98DEC-AD1D-4BC8-8280-126FE39BF85F}.Debug|ARM.Build.0 = Debug|Any CPU
		{F2C98DEC-AD1D-4BC8-8280-126FE39BF85F}.Debug|x64.ActiveCfg = Debug|Any CPU
		{F2C98DEC-AD1D-4BC8-8280-126FE39BF85F}.Debug|x64.Build.0 = Debug|Any CPU
		{F2C98DEC-AD1D-4BC8-8280-126FE39BF85F}.Debug|x86.ActiveCfg = Debug|Any CPU
		{F2C98DEC-AD1D-4BC8-8280-126FE39BF85F}.Debug|x86.Build.0 = Debug|Any CPU
		{F2C98DEC-AD1D-4BC8-8280-126FE39BF85F}.Release|Any CPU.ActiveCfg = Release|Any CPU
		{F2C98DEC-AD1D-4BC8-8280-126FE39BF85F}.Release|Any CPU.Build.0 = Release|Any CPU
		{F2C98DEC-AD1D-4BC8-8280-126FE39BF85F}.Release|ARM.ActiveCfg = Release|Any CPU
		{F2C98DEC-AD1D-4BC8-8280-126FE39BF85F}.Release|ARM.Build.0 = Release|Any CPU
		{F2C98DEC-AD1D-4BC8-8280-126FE39BF85F}.Release|x64.ActiveCfg = Release|Any CPU
		{F2C98DEC-AD1D-4BC8-8280-126FE39BF85F}.Release|x64.Build.0 = Release|Any CPU
		{F2C98DEC-AD1D-4BC8-8280-126FE39BF85F}.Release|x86.ActiveCfg = Release|Any CPU
		{F2C98DEC-AD1D-4BC8-8280-126FE39BF85F}.Release|x86.Build.0 = Release|Any CPU
		{26FB08B0-CB26-4133-AB60-E7AD8F4DAD82}.Debug|Any CPU.ActiveCfg = Debug|x86
		{26FB08B0-CB26-4133-AB60-E7AD8F4DAD82}.Debug|Any CPU.Build.0 = Debug|x86
		{26FB08B0-CB26-4133-AB60-E7AD8F4DAD82}.Debug|Any CPU.Deploy.0 = Debug|x86
		{26FB08B0-CB26-4133-AB60-E7AD8F4DAD82}.Debug|ARM.ActiveCfg = Debug|ARM
		{26FB08B0-CB26-4133-AB60-E7AD8F4DAD82}.Debug|ARM.Build.0 = Debug|ARM
		{26FB08B0-CB26-4133-AB60-E7AD8F4DAD82}.Debug|ARM.Deploy.0 = Debug|ARM
		{26FB08B0-CB26-4133-AB60-E7AD8F4DAD82}.Debug|x64.ActiveCfg = Debug|x64
		{26FB08B0-CB26-4133-AB60-E7AD8F4DAD82}.Debug|x64.Build.0 = Debug|x64
		{26FB08B0-CB26-4133-AB60-E7AD8F4DAD82}.Debug|x64.Deploy.0 = Debug|x64
		{26FB08B0-CB26-4133-AB60-E7AD8F4DAD82}.Debug|x86.ActiveCfg = Debug|x86
		{26FB08B0-CB26-4133-AB60-E7AD8F4DAD82}.Debug|x86.Build.0 = Debug|x86
		{26FB08B0-CB26-4133-AB60-E7AD8F4DAD82}.Debug|x86.Deploy.0 = Debug|x86
		{26FB08B0-CB26-4133-AB60-E7AD8F4DAD82}.Release|Any CPU.ActiveCfg = Release|x86
		{26FB08B0-CB26-4133-AB60-E7AD8F4DAD82}.Release|ARM.ActiveCfg = Release|ARM
		{26FB08B0-CB26-4133-AB60-E7AD8F4DAD82}.Release|ARM.Build.0 = Release|ARM
		{26FB08B0-CB26-4133-AB60-E7AD8F4DAD82}.Release|ARM.Deploy.0 = Release|ARM
		{26FB08B0-CB26-4133-AB60-E7AD8F4DAD82}.Release|x64.ActiveCfg = Release|x64
		{26FB08B0-CB26-4133-AB60-E7AD8F4DAD82}.Release|x64.Build.0 = Release|x64
		{26FB08B0-CB26-4133-AB60-E7AD8F4DAD82}.Release|x64.Deploy.0 = Release|x64
		{26FB08B0-CB26-4133-AB60-E7AD8F4DAD82}.Release|x86.ActiveCfg = Release|x86
		{26FB08B0-CB26-4133-AB60-E7AD8F4DAD82}.Release|x86.Build.0 = Release|x86
		{26FB08B0-CB26-4133-AB60-E7AD8F4DAD82}.Release|x86.Deploy.0 = Release|x86
		{C58749DE-6845-4712-979A-2996607439D7}.Debug|Any CPU.ActiveCfg = Debug|x86
		{C58749DE-6845-4712-979A-2996607439D7}.Debug|Any CPU.Build.0 = Debug|x86
		{C58749DE-6845-4712-979A-2996607439D7}.Debug|Any CPU.Deploy.0 = Debug|x86
		{C58749DE-6845-4712-979A-2996607439D7}.Debug|ARM.ActiveCfg = Debug|ARM
		{C58749DE-6845-4712-979A-2996607439D7}.Debug|ARM.Build.0 = Debug|ARM
		{C58749DE-6845-4712-979A-2996607439D7}.Debug|ARM.Deploy.0 = Debug|ARM
		{C58749DE-6845-4712-979A-2996607439D7}.Debug|x64.ActiveCfg = Debug|x64
		{C58749DE-6845-4712-979A-2996607439D7}.Debug|x64.Build.0 = Debug|x64
		{C58749DE-6845-4712-979A-2996607439D7}.Debug|x64.Deploy.0 = Debug|x64
		{C58749DE-6845-4712-979A-2996607439D7}.Debug|x86.ActiveCfg = Debug|x86
		{C58749DE-6845-4712-979A-2996607439D7}.Debug|x86.Build.0 = Debug|x86
		{C58749DE-6845-4712-979A-2996607439D7}.Debug|x86.Deploy.0 = Debug|x86
		{C58749DE-6845-4712-979A-2996607439D7}.Release|Any CPU.ActiveCfg = Release|x86
		{C58749DE-6845-4712-979A-2996607439D7}.Release|ARM.ActiveCfg = Release|ARM
		{C58749DE-6845-4712-979A-2996607439D7}.Release|ARM.Build.0 = Release|ARM
		{C58749DE-6845-4712-979A-2996607439D7}.Release|ARM.Deploy.0 = Release|ARM
		{C58749DE-6845-4712-979A-2996607439D7}.Release|x64.ActiveCfg = Release|x64
		{C58749DE-6845-4712-979A-2996607439D7}.Release|x64.Build.0 = Release|x64
		{C58749DE-6845-4712-979A-2996607439D7}.Release|x64.Deploy.0 = Release|x64
		{C58749DE-6845-4712-979A-2996607439D7}.Release|x86.ActiveCfg = Release|x86
		{C58749DE-6845-4712-979A-2996607439D7}.Release|x86.Build.0 = Release|x86
		{C58749DE-6845-4712-979A-2996607439D7}.Release|x86.Deploy.0 = Release|x86
		{49B46AA2-7AFD-461F-8D62-B226048BE6E8}.Debug|Any CPU.ActiveCfg = Debug|x86
		{49B46AA2-7AFD-461F-8D62-B226048BE6E8}.Debug|ARM.ActiveCfg = Debug|ARM
		{49B46AA2-7AFD-461F-8D62-B226048BE6E8}.Debug|ARM.Build.0 = Debug|ARM
		{49B46AA2-7AFD-461F-8D62-B226048BE6E8}.Debug|ARM.Deploy.0 = Debug|ARM
		{49B46AA2-7AFD-461F-8D62-B226048BE6E8}.Debug|x64.ActiveCfg = Debug|x64
		{49B46AA2-7AFD-461F-8D62-B226048BE6E8}.Debug|x64.Build.0 = Debug|x64
		{49B46AA2-7AFD-461F-8D62-B226048BE6E8}.Debug|x64.Deploy.0 = Debug|x64
		{49B46AA2-7AFD-461F-8D62-B226048BE6E8}.Debug|x86.ActiveCfg = Debug|x86
		{49B46AA2-7AFD-461F-8D62-B226048BE6E8}.Debug|x86.Build.0 = Debug|x86
		{49B46AA2-7AFD-461F-8D62-B226048BE6E8}.Debug|x86.Deploy.0 = Debug|x86
		{49B46AA2-7AFD-461F-8D62-B226048BE6E8}.Release|Any CPU.ActiveCfg = Release|x86
		{49B46AA2-7AFD-461F-8D62-B226048BE6E8}.Release|ARM.ActiveCfg = Release|ARM
		{49B46AA2-7AFD-461F-8D62-B226048BE6E8}.Release|ARM.Build.0 = Release|ARM
		{49B46AA2-7AFD-461F-8D62-B226048BE6E8}.Release|ARM.Deploy.0 = Release|ARM
		{49B46AA2-7AFD-461F-8D62-B226048BE6E8}.Release|x64.ActiveCfg = Release|x64
		{49B46AA2-7AFD-461F-8D62-B226048BE6E8}.Release|x64.Build.0 = Release|x64
		{49B46AA2-7AFD-461F-8D62-B226048BE6E8}.Release|x64.Deploy.0 = Release|x64
		{49B46AA2-7AFD-461F-8D62-B226048BE6E8}.Release|x86.ActiveCfg = Release|x86
		{49B46AA2-7AFD-461F-8D62-B226048BE6E8}.Release|x86.Build.0 = Release|x86
		{49B46AA2-7AFD-461F-8D62-B226048BE6E8}.Release|x86.Deploy.0 = Release|x86
		{FE3EC2A2-6E8F-40CA-8DFE-C87B654A812F}.Debug|Any CPU.ActiveCfg = Debug|Any CPU
		{FE3EC2A2-6E8F-40CA-8DFE-C87B654A812F}.Debug|Any CPU.Build.0 = Debug|Any CPU
		{FE3EC2A2-6E8F-40CA-8DFE-C87B654A812F}.Debug|ARM.ActiveCfg = Debug|Any CPU
		{FE3EC2A2-6E8F-40CA-8DFE-C87B654A812F}.Debug|ARM.Build.0 = Debug|Any CPU
		{FE3EC2A2-6E8F-40CA-8DFE-C87B654A812F}.Debug|x64.ActiveCfg = Debug|Any CPU
		{FE3EC2A2-6E8F-40CA-8DFE-C87B654A812F}.Debug|x64.Build.0 = Debug|Any CPU
		{FE3EC2A2-6E8F-40CA-8DFE-C87B654A812F}.Debug|x86.ActiveCfg = Debug|Any CPU
		{FE3EC2A2-6E8F-40CA-8DFE-C87B654A812F}.Debug|x86.Build.0 = Debug|Any CPU
		{FE3EC2A2-6E8F-40CA-8DFE-C87B654A812F}.Release|Any CPU.ActiveCfg = Release|Any CPU
		{FE3EC2A2-6E8F-40CA-8DFE-C87B654A812F}.Release|Any CPU.Build.0 = Release|Any CPU
		{FE3EC2A2-6E8F-40CA-8DFE-C87B654A812F}.Release|ARM.ActiveCfg = Release|Any CPU
		{FE3EC2A2-6E8F-40CA-8DFE-C87B654A812F}.Release|ARM.Build.0 = Release|Any CPU
		{FE3EC2A2-6E8F-40CA-8DFE-C87B654A812F}.Release|x64.ActiveCfg = Release|Any CPU
		{FE3EC2A2-6E8F-40CA-8DFE-C87B654A812F}.Release|x64.Build.0 = Release|Any CPU
		{FE3EC2A2-6E8F-40CA-8DFE-C87B654A812F}.Release|x86.ActiveCfg = Release|Any CPU
		{FE3EC2A2-6E8F-40CA-8DFE-C87B654A812F}.Release|x86.Build.0 = Release|Any CPU
		{25FF16AC-49E5-4DE4-9048-50C838334575}.Debug|Any CPU.ActiveCfg = Debug|x86
		{25FF16AC-49E5-4DE4-9048-50C838334575}.Debug|ARM.ActiveCfg = Debug|ARM
		{25FF16AC-49E5-4DE4-9048-50C838334575}.Debug|ARM.Build.0 = Debug|ARM
		{25FF16AC-49E5-4DE4-9048-50C838334575}.Debug|ARM.Deploy.0 = Debug|ARM
		{25FF16AC-49E5-4DE4-9048-50C838334575}.Debug|x64.ActiveCfg = Debug|x64
		{25FF16AC-49E5-4DE4-9048-50C838334575}.Debug|x64.Build.0 = Debug|x64
		{25FF16AC-49E5-4DE4-9048-50C838334575}.Debug|x64.Deploy.0 = Debug|x64
		{25FF16AC-49E5-4DE4-9048-50C838334575}.Debug|x86.ActiveCfg = Debug|x86
		{25FF16AC-49E5-4DE4-9048-50C838334575}.Debug|x86.Build.0 = Debug|x86
		{25FF16AC-49E5-4DE4-9048-50C838334575}.Debug|x86.Deploy.0 = Debug|x86
		{25FF16AC-49E5-4DE4-9048-50C838334575}.Release|Any CPU.ActiveCfg = Release|x86
		{25FF16AC-49E5-4DE4-9048-50C838334575}.Release|ARM.ActiveCfg = Release|ARM
		{25FF16AC-49E5-4DE4-9048-50C838334575}.Release|ARM.Build.0 = Release|ARM
		{25FF16AC-49E5-4DE4-9048-50C838334575}.Release|ARM.Deploy.0 = Release|ARM
		{25FF16AC-49E5-4DE4-9048-50C838334575}.Release|x64.ActiveCfg = Release|x64
		{25FF16AC-49E5-4DE4-9048-50C838334575}.Release|x64.Build.0 = Release|x64
		{25FF16AC-49E5-4DE4-9048-50C838334575}.Release|x64.Deploy.0 = Release|x64
		{25FF16AC-49E5-4DE4-9048-50C838334575}.Release|x86.ActiveCfg = Release|x86
		{25FF16AC-49E5-4DE4-9048-50C838334575}.Release|x86.Build.0 = Release|x86
		{25FF16AC-49E5-4DE4-9048-50C838334575}.Release|x86.Deploy.0 = Release|x86
		{55E500BD-C4EA-4559-9FCE-18659A7048D6}.Debug|Any CPU.ActiveCfg = Debug|Any CPU
		{55E500BD-C4EA-4559-9FCE-18659A7048D6}.Debug|Any CPU.Build.0 = Debug|Any CPU
		{55E500BD-C4EA-4559-9FCE-18659A7048D6}.Debug|ARM.ActiveCfg = Debug|Any CPU
		{55E500BD-C4EA-4559-9FCE-18659A7048D6}.Debug|ARM.Build.0 = Debug|Any CPU
		{55E500BD-C4EA-4559-9FCE-18659A7048D6}.Debug|x64.ActiveCfg = Debug|Any CPU
		{55E500BD-C4EA-4559-9FCE-18659A7048D6}.Debug|x64.Build.0 = Debug|Any CPU
		{55E500BD-C4EA-4559-9FCE-18659A7048D6}.Debug|x86.ActiveCfg = Debug|Any CPU
		{55E500BD-C4EA-4559-9FCE-18659A7048D6}.Debug|x86.Build.0 = Debug|Any CPU
		{55E500BD-C4EA-4559-9FCE-18659A7048D6}.Release|Any CPU.ActiveCfg = Release|Any CPU
		{55E500BD-C4EA-4559-9FCE-18659A7048D6}.Release|Any CPU.Build.0 = Release|Any CPU
		{55E500BD-C4EA-4559-9FCE-18659A7048D6}.Release|ARM.ActiveCfg = Release|Any CPU
		{55E500BD-C4EA-4559-9FCE-18659A7048D6}.Release|ARM.Build.0 = Release|Any CPU
		{55E500BD-C4EA-4559-9FCE-18659A7048D6}.Release|x64.ActiveCfg = Release|Any CPU
		{55E500BD-C4EA-4559-9FCE-18659A7048D6}.Release|x64.Build.0 = Release|Any CPU
		{55E500BD-C4EA-4559-9FCE-18659A7048D6}.Release|x86.ActiveCfg = Release|Any CPU
		{55E500BD-C4EA-4559-9FCE-18659A7048D6}.Release|x86.Build.0 = Release|Any CPU
		{601D371E-B2E8-4BF2-9574-9C619A28AFBB}.Debug|Any CPU.ActiveCfg = Debug|Any CPU
		{601D371E-B2E8-4BF2-9574-9C619A28AFBB}.Debug|Any CPU.Build.0 = Debug|Any CPU
		{601D371E-B2E8-4BF2-9574-9C619A28AFBB}.Debug|ARM.ActiveCfg = Debug|Any CPU
		{601D371E-B2E8-4BF2-9574-9C619A28AFBB}.Debug|ARM.Build.0 = Debug|Any CPU
		{601D371E-B2E8-4BF2-9574-9C619A28AFBB}.Debug|x64.ActiveCfg = Debug|Any CPU
		{601D371E-B2E8-4BF2-9574-9C619A28AFBB}.Debug|x64.Build.0 = Debug|Any CPU
		{601D371E-B2E8-4BF2-9574-9C619A28AFBB}.Debug|x86.ActiveCfg = Debug|Any CPU
		{601D371E-B2E8-4BF2-9574-9C619A28AFBB}.Debug|x86.Build.0 = Debug|Any CPU
		{601D371E-B2E8-4BF2-9574-9C619A28AFBB}.Release|Any CPU.ActiveCfg = Release|Any CPU
		{601D371E-B2E8-4BF2-9574-9C619A28AFBB}.Release|Any CPU.Build.0 = Release|Any CPU
		{601D371E-B2E8-4BF2-9574-9C619A28AFBB}.Release|ARM.ActiveCfg = Release|Any CPU
		{601D371E-B2E8-4BF2-9574-9C619A28AFBB}.Release|ARM.Build.0 = Release|Any CPU
		{601D371E-B2E8-4BF2-9574-9C619A28AFBB}.Release|x64.ActiveCfg = Release|Any CPU
		{601D371E-B2E8-4BF2-9574-9C619A28AFBB}.Release|x64.Build.0 = Release|Any CPU
		{601D371E-B2E8-4BF2-9574-9C619A28AFBB}.Release|x86.ActiveCfg = Release|Any CPU
		{601D371E-B2E8-4BF2-9574-9C619A28AFBB}.Release|x86.Build.0 = Release|Any CPU
		{DEB7A65E-54F9-4104-8D37-CAF09692482B}.Debug|Any CPU.ActiveCfg = Debug|Any CPU
		{DEB7A65E-54F9-4104-8D37-CAF09692482B}.Debug|Any CPU.Build.0 = Debug|Any CPU
		{DEB7A65E-54F9-4104-8D37-CAF09692482B}.Debug|ARM.ActiveCfg = Debug|Any CPU
		{DEB7A65E-54F9-4104-8D37-CAF09692482B}.Debug|ARM.Build.0 = Debug|Any CPU
		{DEB7A65E-54F9-4104-8D37-CAF09692482B}.Debug|x64.ActiveCfg = Debug|Any CPU
		{DEB7A65E-54F9-4104-8D37-CAF09692482B}.Debug|x64.Build.0 = Debug|Any CPU
		{DEB7A65E-54F9-4104-8D37-CAF09692482B}.Debug|x86.ActiveCfg = Debug|Any CPU
		{DEB7A65E-54F9-4104-8D37-CAF09692482B}.Debug|x86.Build.0 = Debug|Any CPU
		{DEB7A65E-54F9-4104-8D37-CAF09692482B}.Release|Any CPU.ActiveCfg = Release|Any CPU
		{DEB7A65E-54F9-4104-8D37-CAF09692482B}.Release|Any CPU.Build.0 = Release|Any CPU
		{DEB7A65E-54F9-4104-8D37-CAF09692482B}.Release|ARM.ActiveCfg = Release|Any CPU
		{DEB7A65E-54F9-4104-8D37-CAF09692482B}.Release|ARM.Build.0 = Release|Any CPU
		{DEB7A65E-54F9-4104-8D37-CAF09692482B}.Release|x64.ActiveCfg = Release|Any CPU
		{DEB7A65E-54F9-4104-8D37-CAF09692482B}.Release|x64.Build.0 = Release|Any CPU
		{DEB7A65E-54F9-4104-8D37-CAF09692482B}.Release|x86.ActiveCfg = Release|Any CPU
		{DEB7A65E-54F9-4104-8D37-CAF09692482B}.Release|x86.Build.0 = Release|Any CPU
	EndGlobalSection
	GlobalSection(SolutionProperties) = preSolution
		HideSolutionNode = FALSE
	EndGlobalSection
	GlobalSection(ExtensibilityGlobals) = postSolution
		EnterpriseLibraryConfigurationToolBinariesPathV6 = packages\EnterpriseLibrary.TransientFaultHandling.6.0.1304.0\lib\portable-net45+win+wp8
	EndGlobalSection
EndGlobal
